
Microsoft Visual Studio Solution File, Format Version 12.00
# Visual Studio Version 17
VisualStudioVersion = 17.7.34202.233
MinimumVisualStudioVersion = 10.0.40219.1
Project("{9A19103F-16F7-4668-BE54-9A1E7A4F7556}") = "Web_API", "Web_API\Web_API.csproj", "{E1A1B7B2-9696-45E9-A04A-F5BBA76407DA}"
EndProject
Global
	GlobalSection(SolutionConfigurationPlatforms) = preSolution
		Debug|Any CPU = Debug|Any CPU
		Release|Any CPU = Release|Any CPU
	EndGlobalSection
	GlobalSection(ProjectConfigurationPlatforms) = postSolution
		{E1A1B7B2-9696-45E9-A04A-F5BBA76407DA}.Debug|Any CPU.ActiveCfg = Debug|Any CPU
		{E1A1B7B2-9696-45E9-A04A-F5BBA76407DA}.Debug|Any CPU.Build.0 = Debug|Any CPU
		{E1A1B7B2-9696-45E9-A04A-F5BBA76407DA}.Release|Any CPU.ActiveCfg = Release|Any CPU
		{E1A1B7B2-9696-45E9-A04A-F5BBA76407DA}.Release|Any CPU.Build.0 = Release|Any CPU
	EndGlobalSection
	GlobalSection(SolutionProperties) = preSolution
		HideSolutionNode = FALSE
	EndGlobalSection
	GlobalSection(ExtensibilityGlobals) = postSolution
		SolutionGuid = {8D041F2D-DA3B-439D-ACD4-BC07D45CC4E8}
	EndGlobalSection
EndGlobal
